// !$*UTF8*$!
{
	archiveVersion = 1;
	classes = {
	};
	objectVersion = 56;
	objects = {

/* Begin PBXBuildFile section */
		D0DEB90E2A311492004981DC /* Assets.xcassets in Resources */ = {isa = PBXBuildFile; fileRef = D0DEB8E12A31148D004981DC /* Assets.xcassets */; };
		D0DEB90F2A311492004981DC /* ClashDisplay.ttf in Resources */ = {isa = PBXBuildFile; fileRef = D0DEB8E32A31148D004981DC /* ClashDisplay.ttf */; };
		D0DEB9102A311492004981DC /* Satoshi.ttf in Resources */ = {isa = PBXBuildFile; fileRef = D0DEB8E42A31148D004981DC /* Satoshi.ttf */; };
		D0DEB9112A311492004981DC /* URL.swift in Sources */ = {isa = PBXBuildFile; fileRef = D0DEB8E62A31148E004981DC /* URL.swift */; };
		D0DEB9122A311492004981DC /* APIError.swift in Sources */ = {isa = PBXBuildFile; fileRef = D0DEB8E82A31148E004981DC /* APIError.swift */; };
		D0DEB9132A311492004981DC /* BreedEndpoint.swift in Sources */ = {isa = PBXBuildFile; fileRef = D0DEB8EA2A31148E004981DC /* BreedEndpoint.swift */; };
		D0DEB9142A311492004981DC /* APIManager.swift in Sources */ = {isa = PBXBuildFile; fileRef = D0DEB8EB2A31148E004981DC /* APIManager.swift */; };
		D0DEB9152A311492004981DC /* HTTPMethod.swift in Sources */ = {isa = PBXBuildFile; fileRef = D0DEB8EC2A31148E004981DC /* HTTPMethod.swift */; };
		D0DEB9162A311492004981DC /* HTTPHeader.swift in Sources */ = {isa = PBXBuildFile; fileRef = D0DEB8ED2A31148E004981DC /* HTTPHeader.swift */; };
		D0DEB9172A311492004981DC /* Response.swift in Sources */ = {isa = PBXBuildFile; fileRef = D0DEB8EE2A31148E004981DC /* Response.swift */; };
		D0DEB9182A311492004981DC /* Endpoint.swift in Sources */ = {isa = PBXBuildFile; fileRef = D0DEB8EF2A31148E004981DC /* Endpoint.swift */; };
		D0DEB9192A311492004981DC /* TheCatAppApp.swift in Sources */ = {isa = PBXBuildFile; fileRef = D0DEB8F12A31148E004981DC /* TheCatAppApp.swift */; };
		D0DEB91A2A311492004981DC /* DIContainer.swift in Sources */ = {isa = PBXBuildFile; fileRef = D0DEB8F32A31148F004981DC /* DIContainer.swift */; };
		D0DEB91B2A311492004981DC /* ContentView.swift in Sources */ = {isa = PBXBuildFile; fileRef = D0DEB8F52A31148F004981DC /* ContentView.swift */; };
		D0DEB91C2A311492004981DC /* Preview Assets.xcassets in Resources */ = {isa = PBXBuildFile; fileRef = D0DEB8F72A311490004981DC /* Preview Assets.xcassets */; };
		D0DEB91D2A311492004981DC /* Constants.swift in Sources */ = {isa = PBXBuildFile; fileRef = D0DEB8F92A311490004981DC /* Constants.swift */; };
		D0DEB91E2A311492004981DC /* PaginationInfo.swift in Sources */ = {isa = PBXBuildFile; fileRef = D0DEB8FB2A311490004981DC /* PaginationInfo.swift */; };
		D0DEB91F2A311492004981DC /* PaginatedResponse.swift in Sources */ = {isa = PBXBuildFile; fileRef = D0DEB8FC2A311490004981DC /* PaginatedResponse.swift */; };
		D0DEB9202A311492004981DC /* ProvidedData.swift in Sources */ = {isa = PBXBuildFile; fileRef = D0DEB8FD2A311490004981DC /* ProvidedData.swift */; };
		D0DEB9212A311492004981DC /* CatBreed.swift in Sources */ = {isa = PBXBuildFile; fileRef = D0DEB8FF2A311490004981DC /* CatBreed.swift */; };
		D0DEB9222A311492004981DC /* Color+App.swift in Sources */ = {isa = PBXBuildFile; fileRef = D0DEB9012A311490004981DC /* Color+App.swift */; };
		D0DEB9232A311492004981DC /* Font+App.swift in Sources */ = {isa = PBXBuildFile; fileRef = D0DEB9022A311490004981DC /* Font+App.swift */; };
		D0DEB9242A311492004981DC /* CatBreedsListView.swift in Sources */ = {isa = PBXBuildFile; fileRef = D0DEB9052A311491004981DC /* CatBreedsListView.swift */; };
		D0DEB9252A311492004981DC /* CatBreedListViewModel.swift in Sources */ = {isa = PBXBuildFile; fileRef = D0DEB9062A311491004981DC /* CatBreedListViewModel.swift */; };
		D0DEB9262A311492004981DC /* BackgroundGradientView.swift in Sources */ = {isa = PBXBuildFile; fileRef = D0DEB9072A311491004981DC /* BackgroundGradientView.swift */; };
		D0DEB9272A311492004981DC /* Logger.swift in Sources */ = {isa = PBXBuildFile; fileRef = D0DEB9092A311491004981DC /* Logger.swift */; };
		D0DEB9282A311492004981DC /* DeepLinkError.swift in Sources */ = {isa = PBXBuildFile; fileRef = D0DEB90B2A311492004981DC /* DeepLinkError.swift */; };
		D0DEB9292A311492004981DC /* Tab.swift in Sources */ = {isa = PBXBuildFile; fileRef = D0DEB90C2A311492004981DC /* Tab.swift */; };
/* End PBXBuildFile section */

/* Begin PBXFileReference section */
		D0DEB8CE2A311424004981DC /* TheCatApp.app */ = {isa = PBXFileReference; explicitFileType = wrapper.application; includeInIndex = 0; path = TheCatApp.app; sourceTree = BUILT_PRODUCTS_DIR; };
		D0DEB8DF2A31148D004981DC /* Info.plist */ = {isa = PBXFileReference; fileEncoding = 4; lastKnownFileType = text.plist.xml; path = Info.plist; sourceTree = "<group>"; };
		D0DEB8E12A31148D004981DC /* Assets.xcassets */ = {isa = PBXFileReference; lastKnownFileType = folder.assetcatalog; path = Assets.xcassets; sourceTree = "<group>"; };
		D0DEB8E32A31148D004981DC /* ClashDisplay.ttf */ = {isa = PBXFileReference; lastKnownFileType = file; path = ClashDisplay.ttf; sourceTree = "<group>"; };
		D0DEB8E42A31148D004981DC /* Satoshi.ttf */ = {isa = PBXFileReference; lastKnownFileType = file; path = Satoshi.ttf; sourceTree = "<group>"; };
		D0DEB8E62A31148E004981DC /* URL.swift */ = {isa = PBXFileReference; fileEncoding = 4; lastKnownFileType = sourcecode.swift; path = URL.swift; sourceTree = "<group>"; };
		D0DEB8E82A31148E004981DC /* APIError.swift */ = {isa = PBXFileReference; fileEncoding = 4; lastKnownFileType = sourcecode.swift; path = APIError.swift; sourceTree = "<group>"; };
		D0DEB8EA2A31148E004981DC /* BreedEndpoint.swift */ = {isa = PBXFileReference; fileEncoding = 4; lastKnownFileType = sourcecode.swift; path = BreedEndpoint.swift; sourceTree = "<group>"; };
		D0DEB8EB2A31148E004981DC /* APIManager.swift */ = {isa = PBXFileReference; fileEncoding = 4; lastKnownFileType = sourcecode.swift; path = APIManager.swift; sourceTree = "<group>"; };
		D0DEB8EC2A31148E004981DC /* HTTPMethod.swift */ = {isa = PBXFileReference; fileEncoding = 4; lastKnownFileType = sourcecode.swift; path = HTTPMethod.swift; sourceTree = "<group>"; };
		D0DEB8ED2A31148E004981DC /* HTTPHeader.swift */ = {isa = PBXFileReference; fileEncoding = 4; lastKnownFileType = sourcecode.swift; path = HTTPHeader.swift; sourceTree = "<group>"; };
		D0DEB8EE2A31148E004981DC /* Response.swift */ = {isa = PBXFileReference; fileEncoding = 4; lastKnownFileType = sourcecode.swift; path = Response.swift; sourceTree = "<group>"; };
		D0DEB8EF2A31148E004981DC /* Endpoint.swift */ = {isa = PBXFileReference; fileEncoding = 4; lastKnownFileType = sourcecode.swift; path = Endpoint.swift; sourceTree = "<group>"; };
		D0DEB8F12A31148E004981DC /* TheCatAppApp.swift */ = {isa = PBXFileReference; fileEncoding = 4; lastKnownFileType = sourcecode.swift; path = TheCatAppApp.swift; sourceTree = "<group>"; };
		D0DEB8F32A31148F004981DC /* DIContainer.swift */ = {isa = PBXFileReference; fileEncoding = 4; lastKnownFileType = sourcecode.swift; path = DIContainer.swift; sourceTree = "<group>"; };
		D0DEB8F52A31148F004981DC /* ContentView.swift */ = {isa = PBXFileReference; fileEncoding = 4; lastKnownFileType = sourcecode.swift; path = ContentView.swift; sourceTree = "<group>"; };
		D0DEB8F72A311490004981DC /* Preview Assets.xcassets */ = {isa = PBXFileReference; lastKnownFileType = folder.assetcatalog; path = "Preview Assets.xcassets"; sourceTree = "<group>"; };
		D0DEB8F92A311490004981DC /* Constants.swift */ = {isa = PBXFileReference; fileEncoding = 4; lastKnownFileType = sourcecode.swift; path = Constants.swift; sourceTree = "<group>"; };
		D0DEB8FB2A311490004981DC /* PaginationInfo.swift */ = {isa = PBXFileReference; fileEncoding = 4; lastKnownFileType = sourcecode.swift; path = PaginationInfo.swift; sourceTree = "<group>"; };
		D0DEB8FC2A311490004981DC /* PaginatedResponse.swift */ = {isa = PBXFileReference; fileEncoding = 4; lastKnownFileType = sourcecode.swift; path = PaginatedResponse.swift; sourceTree = "<group>"; };
		D0DEB8FD2A311490004981DC /* ProvidedData.swift */ = {isa = PBXFileReference; fileEncoding = 4; lastKnownFileType = sourcecode.swift; path = ProvidedData.swift; sourceTree = "<group>"; };
		D0DEB8FF2A311490004981DC /* CatBreed.swift */ = {isa = PBXFileReference; fileEncoding = 4; lastKnownFileType = sourcecode.swift; path = CatBreed.swift; sourceTree = "<group>"; };
		D0DEB9012A311490004981DC /* Color+App.swift */ = {isa = PBXFileReference; fileEncoding = 4; lastKnownFileType = sourcecode.swift; path = "Color+App.swift"; sourceTree = "<group>"; };
		D0DEB9022A311490004981DC /* Font+App.swift */ = {isa = PBXFileReference; fileEncoding = 4; lastKnownFileType = sourcecode.swift; path = "Font+App.swift"; sourceTree = "<group>"; };
		D0DEB9052A311491004981DC /* CatBreedsListView.swift */ = {isa = PBXFileReference; fileEncoding = 4; lastKnownFileType = sourcecode.swift; path = CatBreedsListView.swift; sourceTree = "<group>"; };
		D0DEB9062A311491004981DC /* CatBreedListViewModel.swift */ = {isa = PBXFileReference; fileEncoding = 4; lastKnownFileType = sourcecode.swift; path = CatBreedListViewModel.swift; sourceTree = "<group>"; };
		D0DEB9072A311491004981DC /* BackgroundGradientView.swift */ = {isa = PBXFileReference; fileEncoding = 4; lastKnownFileType = sourcecode.swift; path = BackgroundGradientView.swift; sourceTree = "<group>"; };
		D0DEB9092A311491004981DC /* Logger.swift */ = {isa = PBXFileReference; fileEncoding = 4; lastKnownFileType = sourcecode.swift; path = Logger.swift; sourceTree = "<group>"; };
		D0DEB90B2A311492004981DC /* DeepLinkError.swift */ = {isa = PBXFileReference; fileEncoding = 4; lastKnownFileType = sourcecode.swift; path = DeepLinkError.swift; sourceTree = "<group>"; };
		D0DEB90C2A311492004981DC /* Tab.swift */ = {isa = PBXFileReference; fileEncoding = 4; lastKnownFileType = sourcecode.swift; path = Tab.swift; sourceTree = "<group>"; };
/* End PBXFileReference section */

/* Begin PBXFrameworksBuildPhase section */
		D0DEB8CB2A311424004981DC /* Frameworks */ = {
			isa = PBXFrameworksBuildPhase;
			buildActionMask = 2147483647;
			files = (
			);
			runOnlyForDeploymentPostprocessing = 0;
		};
/* End PBXFrameworksBuildPhase section */

/* Begin PBXGroup section */
		D0DEB8C52A311424004981DC = {
			isa = PBXGroup;
			children = (
				D0DEB8D02A311424004981DC /* TheCatApp */,
				D0DEB8CF2A311424004981DC /* Products */,
			);
			sourceTree = "<group>";
		};
		D0DEB8CF2A311424004981DC /* Products */ = {
			isa = PBXGroup;
			children = (
				D0DEB8CE2A311424004981DC /* TheCatApp.app */,
			);
			name = Products;
			sourceTree = "<group>";
		};
		D0DEB8D02A311424004981DC /* TheCatApp */ = {
			isa = PBXGroup;
			children = (
				D0DEB8E72A31148E004981DC /* API */,
				D0DEB8F02A31148E004981DC /* App */,
				D0DEB8F22A31148F004981DC /* DI */,
				D0DEB8DF2A31148D004981DC /* Info.plist */,
				D0DEB9082A311491004981DC /* Logger */,
				D0DEB8F82A311490004981DC /* Model */,
				D0DEB90A2A311492004981DC /* Navigations */,
				D0DEB8F62A311490004981DC /* Preview Content */,
				D0DEB8E02A31148D004981DC /* Resources */,
				D0DEB8F42A31148F004981DC /* Scenes */,
				D0DEB9002A311490004981DC /* Styles */,
				D0DEB8E52A31148E004981DC /* Utilities */,
				D0DEB9032A311491004981DC /* Views */,
			);
			path = TheCatApp;
			sourceTree = "<group>";
		};
		D0DEB8E02A31148D004981DC /* Resources */ = {
			isa = PBXGroup;
			children = (
				D0DEB8E12A31148D004981DC /* Assets.xcassets */,
				D0DEB8E22A31148D004981DC /* Fonts */,
			);
			path = Resources;
			sourceTree = "<group>";
		};
		D0DEB8E22A31148D004981DC /* Fonts */ = {
			isa = PBXGroup;
			children = (
				D0DEB8E32A31148D004981DC /* ClashDisplay.ttf */,
				D0DEB8E42A31148D004981DC /* Satoshi.ttf */,
			);
			path = Fonts;
			sourceTree = "<group>";
		};
		D0DEB8E52A31148E004981DC /* Utilities */ = {
			isa = PBXGroup;
			children = (
				D0DEB8E62A31148E004981DC /* URL.swift */,
			);
			path = Utilities;
			sourceTree = "<group>";
		};
		D0DEB8E72A31148E004981DC /* API */ = {
			isa = PBXGroup;
			children = (
				D0DEB8E92A31148E004981DC /* Endpoints */,
				D0DEB8E82A31148E004981DC /* APIError.swift */,
				D0DEB8EB2A31148E004981DC /* APIManager.swift */,
				D0DEB8EF2A31148E004981DC /* Endpoint.swift */,
				D0DEB8ED2A31148E004981DC /* HTTPHeader.swift */,
				D0DEB8EC2A31148E004981DC /* HTTPMethod.swift */,
				D0DEB8EE2A31148E004981DC /* Response.swift */,
			);
			path = API;
			sourceTree = "<group>";
		};
		D0DEB8E92A31148E004981DC /* Endpoints */ = {
			isa = PBXGroup;
			children = (
				D0DEB8EA2A31148E004981DC /* BreedEndpoint.swift */,
			);
			path = Endpoints;
			sourceTree = "<group>";
		};
		D0DEB8F02A31148E004981DC /* App */ = {
			isa = PBXGroup;
			children = (
				D0DEB8F12A31148E004981DC /* TheCatAppApp.swift */,
			);
			path = App;
			sourceTree = "<group>";
		};
		D0DEB8F22A31148F004981DC /* DI */ = {
			isa = PBXGroup;
			children = (
				D0DEB8F32A31148F004981DC /* DIContainer.swift */,
			);
			path = DI;
			sourceTree = "<group>";
		};
		D0DEB8F42A31148F004981DC /* Scenes */ = {
			isa = PBXGroup;
			children = (
				D0DEB8F52A31148F004981DC /* ContentView.swift */,
			);
			path = Scenes;
			sourceTree = "<group>";
		};
		D0DEB8F62A311490004981DC /* Preview Content */ = {
			isa = PBXGroup;
			children = (
				D0DEB8F72A311490004981DC /* Preview Assets.xcassets */,
			);
			path = "Preview Content";
			sourceTree = "<group>";
		};
		D0DEB8F82A311490004981DC /* Model */ = {
			isa = PBXGroup;
			children = (
				D0DEB8F92A311490004981DC /* Constants.swift */,
				D0DEB8FA2A311490004981DC /* Response */,
				D0DEB8FD2A311490004981DC /* ProvidedData.swift */,
				D0DEB8FE2A311490004981DC /* Domain */,
			);
			path = Model;
			sourceTree = "<group>";
		};
		D0DEB8FA2A311490004981DC /* Response */ = {
			isa = PBXGroup;
			children = (
				D0DEB8FB2A311490004981DC /* PaginationInfo.swift */,
				D0DEB8FC2A311490004981DC /* PaginatedResponse.swift */,
			);
			path = Response;
			sourceTree = "<group>";
		};
		D0DEB8FE2A311490004981DC /* Domain */ = {
			isa = PBXGroup;
			children = (
				D0DEB8FF2A311490004981DC /* CatBreed.swift */,
			);
			path = Domain;
			sourceTree = "<group>";
		};
		D0DEB9002A311490004981DC /* Styles */ = {
			isa = PBXGroup;
			children = (
				D0DEB9012A311490004981DC /* Color+App.swift */,
				D0DEB9022A311490004981DC /* Font+App.swift */,
			);
			path = Styles;
			sourceTree = "<group>";
		};
		D0DEB9032A311491004981DC /* Views */ = {
			isa = PBXGroup;
			children = (
				D0DEB9042A311491004981DC /* CatBreed */,
				D0DEB9072A311491004981DC /* BackgroundGradientView.swift */,
			);
			path = Views;
			sourceTree = "<group>";
		};
		D0DEB9042A311491004981DC /* CatBreed */ = {
			isa = PBXGroup;
			children = (
				D0DEB9052A311491004981DC /* CatBreedsListView.swift */,
				D0DEB9062A311491004981DC /* CatBreedListViewModel.swift */,
			);
			path = CatBreed;
			sourceTree = "<group>";
		};
		D0DEB9082A311491004981DC /* Logger */ = {
			isa = PBXGroup;
			children = (
				D0DEB9092A311491004981DC /* Logger.swift */,
			);
			path = Logger;
			sourceTree = "<group>";
		};
		D0DEB90A2A311492004981DC /* Navigations */ = {
			isa = PBXGroup;
			children = (
				D0DEB90B2A311492004981DC /* DeepLinkError.swift */,
				D0DEB90C2A311492004981DC /* Tab.swift */,
			);
			path = Navigations;
			sourceTree = "<group>";
		};
/* End PBXGroup section */

/* Begin PBXNativeTarget section */
		D0DEB8CD2A311424004981DC /* TheCatApp */ = {
			isa = PBXNativeTarget;
			buildConfigurationList = D0DEB8DC2A311425004981DC /* Build configuration list for PBXNativeTarget "TheCatApp" */;
			buildPhases = (
				D0DEB8CA2A311424004981DC /* Sources */,
				D0DEB8CB2A311424004981DC /* Frameworks */,
				D0DEB8CC2A311424004981DC /* Resources */,
			);
			buildRules = (
			);
			dependencies = (
			);
			name = TheCatApp;
			productName = TheCatApp;
			productReference = D0DEB8CE2A311424004981DC /* TheCatApp.app */;
			productType = "com.apple.product-type.application";
		};
/* End PBXNativeTarget section */

/* Begin PBXProject section */
		D0DEB8C62A311424004981DC /* Project object */ = {
			isa = PBXProject;
			attributes = {
				BuildIndependentTargetsInParallel = 1;
				LastSwiftUpdateCheck = 1430;
				LastUpgradeCheck = 1430;
				TargetAttributes = {
					D0DEB8CD2A311424004981DC = {
						CreatedOnToolsVersion = 14.3;
					};
				};
			};
			buildConfigurationList = D0DEB8C92A311424004981DC /* Build configuration list for PBXProject "TheCatApp" */;
			compatibilityVersion = "Xcode 14.0";
			developmentRegion = en;
			hasScannedForEncodings = 0;
			knownRegions = (
				en,
				Base,
			);
			mainGroup = D0DEB8C52A311424004981DC;
			productRefGroup = D0DEB8CF2A311424004981DC /* Products */;
			projectDirPath = "";
			projectRoot = "";
			targets = (
				D0DEB8CD2A311424004981DC /* TheCatApp */,
			);
		};
/* End PBXProject section */

/* Begin PBXResourcesBuildPhase section */
		D0DEB8CC2A311424004981DC /* Resources */ = {
			isa = PBXResourcesBuildPhase;
			buildActionMask = 2147483647;
			files = (
				D0DEB90F2A311492004981DC /* ClashDisplay.ttf in Resources */,
				D0DEB90E2A311492004981DC /* Assets.xcassets in Resources */,
				D0DEB91C2A311492004981DC /* Preview Assets.xcassets in Resources */,
				D0DEB9102A311492004981DC /* Satoshi.ttf in Resources */,
			);
			runOnlyForDeploymentPostprocessing = 0;
		};
/* End PBXResourcesBuildPhase section */

/* Begin PBXSourcesBuildPhase section */
		D0DEB8CA2A311424004981DC /* Sources */ = {
			isa = PBXSourcesBuildPhase;
			buildActionMask = 2147483647;
			files = (
				D0DEB9162A311492004981DC /* HTTPHeader.swift in Sources */,
				D0DEB9272A311492004981DC /* Logger.swift in Sources */,
				D0DEB91B2A311492004981DC /* ContentView.swift in Sources */,
				D0DEB9292A311492004981DC /* Tab.swift in Sources */,
				D0DEB9142A311492004981DC /* APIManager.swift in Sources */,
				D0DEB9262A311492004981DC /* BackgroundGradientView.swift in Sources */,
				D0DEB9282A311492004981DC /* DeepLinkError.swift in Sources */,
				D0DEB9212A311492004981DC /* CatBreed.swift in Sources */,
				D0DEB91A2A311492004981DC /* DIContainer.swift in Sources */,
				D0DEB9182A311492004981DC /* Endpoint.swift in Sources */,
				D0DEB9232A311492004981DC /* Font+App.swift in Sources */,
				D0DEB9112A311492004981DC /* URL.swift in Sources */,
				D0DEB9222A311492004981DC /* Color+App.swift in Sources */,
				D0DEB91F2A311492004981DC /* PaginatedResponse.swift in Sources */,
				D0DEB9122A311492004981DC /* APIError.swift in Sources */,
				D0DEB9152A311492004981DC /* HTTPMethod.swift in Sources */,
				D0DEB9252A311492004981DC /* CatBreedListViewModel.swift in Sources */,
				D0DEB9132A311492004981DC /* BreedEndpoint.swift in Sources */,
				D0DEB9192A311492004981DC /* TheCatAppApp.swift in Sources */,
				D0DEB9242A311492004981DC /* CatBreedsListView.swift in Sources */,
				D0DEB9202A311492004981DC /* ProvidedData.swift in Sources */,
				D0DEB91E2A311492004981DC /* PaginationInfo.swift in Sources */,
				D0DEB9172A311492004981DC /* Response.swift in Sources */,
				D0DEB91D2A311492004981DC /* Constants.swift in Sources */,
			);
			runOnlyForDeploymentPostprocessing = 0;
		};
/* End PBXSourcesBuildPhase section */

/* Begin XCBuildConfiguration section */
		D0DEB8DA2A311425004981DC /* Debug */ = {
			isa = XCBuildConfiguration;
			buildSettings = {
				ALWAYS_SEARCH_USER_PATHS = NO;
				CLANG_ANALYZER_NONNULL = YES;
				CLANG_ANALYZER_NUMBER_OBJECT_CONVERSION = YES_AGGRESSIVE;
				CLANG_CXX_LANGUAGE_STANDARD = "gnu++20";
				CLANG_ENABLE_MODULES = YES;
				CLANG_ENABLE_OBJC_ARC = YES;
				CLANG_ENABLE_OBJC_WEAK = YES;
				CLANG_WARN_BLOCK_CAPTURE_AUTORELEASING = YES;
				CLANG_WARN_BOOL_CONVERSION = YES;
				CLANG_WARN_COMMA = YES;
				CLANG_WARN_CONSTANT_CONVERSION = YES;
				CLANG_WARN_DEPRECATED_OBJC_IMPLEMENTATIONS = YES;
				CLANG_WARN_DIRECT_OBJC_ISA_USAGE = YES_ERROR;
				CLANG_WARN_DOCUMENTATION_COMMENTS = YES;
				CLANG_WARN_EMPTY_BODY = YES;
				CLANG_WARN_ENUM_CONVERSION = YES;
				CLANG_WARN_INFINITE_RECURSION = YES;
				CLANG_WARN_INT_CONVERSION = YES;
				CLANG_WARN_NON_LITERAL_NULL_CONVERSION = YES;
				CLANG_WARN_OBJC_IMPLICIT_RETAIN_SELF = YES;
				CLANG_WARN_OBJC_LITERAL_CONVERSION = YES;
				CLANG_WARN_OBJC_ROOT_CLASS = YES_ERROR;
				CLANG_WARN_QUOTED_INCLUDE_IN_FRAMEWORK_HEADER = YES;
				CLANG_WARN_RANGE_LOOP_ANALYSIS = YES;
				CLANG_WARN_STRICT_PROTOTYPES = YES;
				CLANG_WARN_SUSPICIOUS_MOVE = YES;
				CLANG_WARN_UNGUARDED_AVAILABILITY = YES_AGGRESSIVE;
				CLANG_WARN_UNREACHABLE_CODE = YES;
				CLANG_WARN__DUPLICATE_METHOD_MATCH = YES;
				COPY_PHASE_STRIP = NO;
				DEBUG_INFORMATION_FORMAT = dwarf;
				ENABLE_STRICT_OBJC_MSGSEND = YES;
				ENABLE_TESTABILITY = YES;
				GCC_C_LANGUAGE_STANDARD = gnu11;
				GCC_DYNAMIC_NO_PIC = NO;
				GCC_NO_COMMON_BLOCKS = YES;
				GCC_OPTIMIZATION_LEVEL = 0;
				GCC_PREPROCESSOR_DEFINITIONS = (
					"DEBUG=1",
					"$(inherited)",
				);
				GCC_WARN_64_TO_32_BIT_CONVERSION = YES;
				GCC_WARN_ABOUT_RETURN_TYPE = YES_ERROR;
				GCC_WARN_UNDECLARED_SELECTOR = YES;
				GCC_WARN_UNINITIALIZED_AUTOS = YES_AGGRESSIVE;
				GCC_WARN_UNUSED_FUNCTION = YES;
				GCC_WARN_UNUSED_VARIABLE = YES;
				IPHONEOS_DEPLOYMENT_TARGET = 16.4;
				MTL_ENABLE_DEBUG_INFO = INCLUDE_SOURCE;
				MTL_FAST_MATH = YES;
				ONLY_ACTIVE_ARCH = YES;
				SDKROOT = iphoneos;
				SWIFT_ACTIVE_COMPILATION_CONDITIONS = DEBUG;
				SWIFT_OPTIMIZATION_LEVEL = "-Onone";
			};
			name = Debug;
		};
		D0DEB8DB2A311425004981DC /* Release */ = {
			isa = XCBuildConfiguration;
			buildSettings = {
				ALWAYS_SEARCH_USER_PATHS = NO;
				CLANG_ANALYZER_NONNULL = YES;
				CLANG_ANALYZER_NUMBER_OBJECT_CONVERSION = YES_AGGRESSIVE;
				CLANG_CXX_LANGUAGE_STANDARD = "gnu++20";
				CLANG_ENABLE_MODULES = YES;
				CLANG_ENABLE_OBJC_ARC = YES;
				CLANG_ENABLE_OBJC_WEAK = YES;
				CLANG_WARN_BLOCK_CAPTURE_AUTORELEASING = YES;
				CLANG_WARN_BOOL_CONVERSION = YES;
				CLANG_WARN_COMMA = YES;
				CLANG_WARN_CONSTANT_CONVERSION = YES;
				CLANG_WARN_DEPRECATED_OBJC_IMPLEMENTATIONS = YES;
				CLANG_WARN_DIRECT_OBJC_ISA_USAGE = YES_ERROR;
				CLANG_WARN_DOCUMENTATION_COMMENTS = YES;
				CLANG_WARN_EMPTY_BODY = YES;
				CLANG_WARN_ENUM_CONVERSION = YES;
				CLANG_WARN_INFINITE_RECURSION = YES;
				CLANG_WARN_INT_CONVERSION = YES;
				CLANG_WARN_NON_LITERAL_NULL_CONVERSION = YES;
				CLANG_WARN_OBJC_IMPLICIT_RETAIN_SELF = YES;
				CLANG_WARN_OBJC_LITERAL_CONVERSION = YES;
				CLANG_WARN_OBJC_ROOT_CLASS = YES_ERROR;
				CLANG_WARN_QUOTED_INCLUDE_IN_FRAMEWORK_HEADER = YES;
				CLANG_WARN_RANGE_LOOP_ANALYSIS = YES;
				CLANG_WARN_STRICT_PROTOTYPES = YES;
				CLANG_WARN_SUSPICIOUS_MOVE = YES;
				CLANG_WARN_UNGUARDED_AVAILABILITY = YES_AGGRESSIVE;
				CLANG_WARN_UNREACHABLE_CODE = YES;
				CLANG_WARN__DUPLICATE_METHOD_MATCH = YES;
				COPY_PHASE_STRIP = NO;
				DEBUG_INFORMATION_FORMAT = "dwarf-with-dsym";
				ENABLE_NS_ASSERTIONS = NO;
				ENABLE_STRICT_OBJC_MSGSEND = YES;
				GCC_C_LANGUAGE_STANDARD = gnu11;
				GCC_NO_COMMON_BLOCKS = YES;
				GCC_WARN_64_TO_32_BIT_CONVERSION = YES;
				GCC_WARN_ABOUT_RETURN_TYPE = YES_ERROR;
				GCC_WARN_UNDECLARED_SELECTOR = YES;
				GCC_WARN_UNINITIALIZED_AUTOS = YES_AGGRESSIVE;
				GCC_WARN_UNUSED_FUNCTION = YES;
				GCC_WARN_UNUSED_VARIABLE = YES;
				IPHONEOS_DEPLOYMENT_TARGET = 16.4;
				MTL_ENABLE_DEBUG_INFO = NO;
				MTL_FAST_MATH = YES;
				SDKROOT = iphoneos;
				SWIFT_COMPILATION_MODE = wholemodule;
				SWIFT_OPTIMIZATION_LEVEL = "-O";
				VALIDATE_PRODUCT = YES;
			};
			name = Release;
		};
		D0DEB8DD2A311425004981DC /* Debug */ = {
			isa = XCBuildConfiguration;
			buildSettings = {
				ASSETCATALOG_COMPILER_APPICON_NAME = AppIcon;
				ASSETCATALOG_COMPILER_GLOBAL_ACCENT_COLOR_NAME = AccentColor;
				CODE_SIGN_STYLE = Automatic;
				CURRENT_PROJECT_VERSION = 1;
				DEVELOPMENT_ASSET_PATHS = "\"TheCatApp/Preview Content\"";
				ENABLE_PREVIEWS = YES;
				GENERATE_INFOPLIST_FILE = YES;
				INFOPLIST_FILE = TheCatApp/Info.plist;
				INFOPLIST_KEY_LSApplicationCategoryType = "public.app-category.education";
				INFOPLIST_KEY_UIApplicationSceneManifest_Generation = YES;
				INFOPLIST_KEY_UIApplicationSupportsIndirectInputEvents = YES;
				INFOPLIST_KEY_UILaunchScreen_Generation = YES;
				INFOPLIST_KEY_UIStatusBarStyle = UIStatusBarStyleLightContent;
				INFOPLIST_KEY_UISupportedInterfaceOrientations_iPad = "UIInterfaceOrientationPortrait UIInterfaceOrientationPortraitUpsideDown UIInterfaceOrientationLandscapeLeft UIInterfaceOrientationLandscapeRight";
				INFOPLIST_KEY_UISupportedInterfaceOrientations_iPhone = "UIInterfaceOrientationPortrait UIInterfaceOrientationLandscapeLeft UIInterfaceOrientationLandscapeRight";
				LD_RUNPATH_SEARCH_PATHS = (
					"$(inherited)",
					"@executable_path/Frameworks",
				);
				MARKETING_VERSION = 1.0;
				PRODUCT_BUNDLE_IDENTIFIER = ios.vse.cz.TheCatApp;
				PRODUCT_NAME = "$(TARGET_NAME)";
				SWIFT_EMIT_LOC_STRINGS = YES;
				SWIFT_VERSION = 5.0;
				TARGETED_DEVICE_FAMILY = "1,2";
			};
			name = Debug;
		};
		D0DEB8DE2A311425004981DC /* Release */ = {
			isa = XCBuildConfiguration;
			buildSettings = {
				ASSETCATALOG_COMPILER_APPICON_NAME = AppIcon;
				ASSETCATALOG_COMPILER_GLOBAL_ACCENT_COLOR_NAME = AccentColor;
				CODE_SIGN_STYLE = Automatic;
				CURRENT_PROJECT_VERSION = 1;
				DEVELOPMENT_ASSET_PATHS = "\"TheCatApp/Preview Content\"";
				ENABLE_PREVIEWS = YES;
				GENERATE_INFOPLIST_FILE = YES;
				INFOPLIST_FILE = TheCatApp/Info.plist;
				INFOPLIST_KEY_LSApplicationCategoryType = "public.app-category.education";
				INFOPLIST_KEY_UIApplicationSceneManifest_Generation = YES;
				INFOPLIST_KEY_UIApplicationSupportsIndirectInputEvents = YES;
				INFOPLIST_KEY_UILaunchScreen_Generation = YES;
				INFOPLIST_KEY_UIStatusBarStyle = UIStatusBarStyleLightContent;
				INFOPLIST_KEY_UISupportedInterfaceOrientations_iPad = "UIInterfaceOrientationPortrait UIInterfaceOrientationPortraitUpsideDown UIInterfaceOrientationLandscapeLeft UIInterfaceOrientationLandscapeRight";
				INFOPLIST_KEY_UISupportedInterfaceOrientations_iPhone = "UIInterfaceOrientationPortrait UIInterfaceOrientationLandscapeLeft UIInterfaceOrientationLandscapeRight";
				LD_RUNPATH_SEARCH_PATHS = (
					"$(inherited)",
					"@executable_path/Frameworks",
				);
				MARKETING_VERSION = 1.0;
				PRODUCT_BUNDLE_IDENTIFIER = ios.vse.cz.TheCatApp;
				PRODUCT_NAME = "$(TARGET_NAME)";
				SWIFT_EMIT_LOC_STRINGS = YES;
				SWIFT_VERSION = 5.0;
				TARGETED_DEVICE_FAMILY = "1,2";
			};
			name = Release;
		};
/* End XCBuildConfiguration section */

/* Begin XCConfigurationList section */
		D0DEB8C92A311424004981DC /* Build configuration list for PBXProject "TheCatApp" */ = {
			isa = XCConfigurationList;
			buildConfigurations = (
				D0DEB8DA2A311425004981DC /* Debug */,
				D0DEB8DB2A311425004981DC /* Release */,
			);
			defaultConfigurationIsVisible = 0;
			defaultConfigurationName = Release;
		};
		D0DEB8DC2A311425004981DC /* Build configuration list for PBXNativeTarget "TheCatApp" */ = {
			isa = XCConfigurationList;
			buildConfigurations = (
				D0DEB8DD2A311425004981DC /* Debug */,
				D0DEB8DE2A311425004981DC /* Release */,
			);
			defaultConfigurationIsVisible = 0;
			defaultConfigurationName = Release;
		};
/* End XCConfigurationList section */
	};
	rootObject = D0DEB8C62A311424004981DC /* Project object */;
}
